// !$*UTF8*$!
{
	archiveVersion = 1;
	classes = {
	};
	objectVersion = 50;
	objects = {

/* Begin PBXBuildFile section */
		BE3502D02657A99700F3B190 /* AppDelegate.m in Sources */ = {isa = PBXBuildFile; fileRef = BE3502CF2657A99700F3B190 /* AppDelegate.m */; };
		BE3502D32657A99700F3B190 /* SceneDelegate.m in Sources */ = {isa = PBXBuildFile; fileRef = BE3502D22657A99700F3B190 /* SceneDelegate.m */; };
		BE3502D62657A99700F3B190 /* ViewController.m in Sources */ = {isa = PBXBuildFile; fileRef = BE3502D52657A99700F3B190 /* ViewController.m */; };
		BE3502D92657A99700F3B190 /* Main.storyboard in Resources */ = {isa = PBXBuildFile; fileRef = BE3502D72657A99700F3B190 /* Main.storyboard */; };
		BE3502DB2657A99800F3B190 /* Assets.xcassets in Resources */ = {isa = PBXBuildFile; fileRef = BE3502DA2657A99800F3B190 /* Assets.xcassets */; };
		BE3502DE2657A99800F3B190 /* LaunchScreen.storyboard in Resources */ = {isa = PBXBuildFile; fileRef = BE3502DC2657A99800F3B190 /* LaunchScreen.storyboard */; };
		BE3502E12657A99800F3B190 /* main.m in Sources */ = {isa = PBXBuildFile; fileRef = BE3502E02657A99800F3B190 /* main.m */; };
/* End PBXBuildFile section */

/* Begin PBXFileReference section */
		BE3502CB2657A99700F3B190 /* ZAMoMoSDKTest.app */ = {isa = PBXFileReference; explicitFileType = wrapper.application; includeInIndex = 0; path = ZAMoMoSDKTest.app; sourceTree = BUILT_PRODUCTS_DIR; };
		BE3502CE2657A99700F3B190 /* AppDelegate.h */ = {isa = PBXFileReference; lastKnownFileType = sourcecode.c.h; path = AppDelegate.h; sourceTree = "<group>"; };
		BE3502CF2657A99700F3B190 /* AppDelegate.m */ = {isa = PBXFileReference; lastKnownFileType = sourcecode.c.objc; path = AppDelegate.m; sourceTree = "<group>"; };
		BE3502D12657A99700F3B190 /* SceneDelegate.h */ = {isa = PBXFileReference; lastKnownFileType = sourcecode.c.h; path = SceneDelegate.h; sourceTree = "<group>"; };
		BE3502D22657A99700F3B190 /* SceneDelegate.m */ = {isa = PBXFileReference; lastKnownFileType = sourcecode.c.objc; path = SceneDelegate.m; sourceTree = "<group>"; };
		BE3502D42657A99700F3B190 /* ViewController.h */ = {isa = PBXFileReference; lastKnownFileType = sourcecode.c.h; path = ViewController.h; sourceTree = "<group>"; };
		BE3502D52657A99700F3B190 /* ViewController.m */ = {isa = PBXFileReference; lastKnownFileType = sourcecode.c.objc; path = ViewController.m; sourceTree = "<group>"; };
		BE3502D82657A99700F3B190 /* Base */ = {isa = PBXFileReference; lastKnownFileType = file.storyboard; name = Base; path = Base.lproj/Main.storyboard; sourceTree = "<group>"; };
		BE3502DA2657A99800F3B190 /* Assets.xcassets */ = {isa = PBXFileReference; lastKnownFileType = folder.assetcatalog; path = Assets.xcassets; sourceTree = "<group>"; };
		BE3502DD2657A99800F3B190 /* Base */ = {isa = PBXFileReference; lastKnownFileType = file.storyboard; name = Base; path = Base.lproj/LaunchScreen.storyboard; sourceTree = "<group>"; };
		BE3502DF2657A99800F3B190 /* Info.plist */ = {isa = PBXFileReference; lastKnownFileType = text.plist.xml; path = Info.plist; sourceTree = "<group>"; };
		BE3502E02657A99800F3B190 /* main.m */ = {isa = PBXFileReference; lastKnownFileType = sourcecode.c.objc; path = main.m; sourceTree = "<group>"; };
/* End PBXFileReference section */

/* Begin PBXFrameworksBuildPhase section */
		BE3502C82657A99700F3B190 /* Frameworks */ = {
			isa = PBXFrameworksBuildPhase;
			buildActionMask = 2147483647;
			files = (
			);
			runOnlyForDeploymentPostprocessing = 0;
		};
/* End PBXFrameworksBuildPhase section */

/* Begin PBXGroup section */
		BE3502C22657A99700F3B190 = {
			isa = PBXGroup;
			children = (
				BE3502CD2657A99700F3B190 /* ZAMoMoSDKTest */,
				BE3502CC2657A99700F3B190 /* Products */,
			);
			sourceTree = "<group>";
		};
		BE3502CC2657A99700F3B190 /* Products */ = {
			isa = PBXGroup;
			children = (
				BE3502CB2657A99700F3B190 /* ZAMoMoSDKTest.app */,
			);
			name = Products;
			sourceTree = "<group>";
		};
		BE3502CD2657A99700F3B190 /* ZAMoMoSDKTest */ = {
			isa = PBXGroup;
			children = (
				BE3502CE2657A99700F3B190 /* AppDelegate.h */,
				BE3502CF2657A99700F3B190 /* AppDelegate.m */,
				BE3502D12657A99700F3B190 /* SceneDelegate.h */,
				BE3502D22657A99700F3B190 /* SceneDelegate.m */,
				BE3502D42657A99700F3B190 /* ViewController.h */,
				BE3502D52657A99700F3B190 /* ViewController.m */,
				BE3502D72657A99700F3B190 /* Main.storyboard */,
				BE3502DA2657A99800F3B190 /* Assets.xcassets */,
				BE3502DC2657A99800F3B190 /* LaunchScreen.storyboard */,
				BE3502DF2657A99800F3B190 /* Info.plist */,
				BE3502E02657A99800F3B190 /* main.m */,
			);
			path = ZAMoMoSDKTest;
			sourceTree = "<group>";
		};
/* End PBXGroup section */

/* Begin PBXNativeTarget section */
		BE3502CA2657A99700F3B190 /* ZAMoMoSDKTest */ = {
			isa = PBXNativeTarget;
			buildConfigurationList = BE3502E42657A99800F3B190 /* Build configuration list for PBXNativeTarget "ZAMoMoSDKTest" */;
			buildPhases = (
				BE3502C72657A99700F3B190 /* Sources */,
				BE3502C82657A99700F3B190 /* Frameworks */,
				BE3502C92657A99700F3B190 /* Resources */,
			);
			buildRules = (
			);
			dependencies = (
			);
			name = ZAMoMoSDKTest;
			productName = ZAMoMoSDKTest;
			productReference = BE3502CB2657A99700F3B190 /* ZAMoMoSDKTest.app */;
			productType = "com.apple.product-type.application";
		};
/* End PBXNativeTarget section */

/* Begin PBXProject section */
		BE3502C32657A99700F3B190 /* Project object */ = {
			isa = PBXProject;
			attributes = {
				LastUpgradeCheck = 1200;
				TargetAttributes = {
					BE3502CA2657A99700F3B190 = {
						CreatedOnToolsVersion = 12.0;
					};
				};
			};
			buildConfigurationList = BE3502C62657A99700F3B190 /* Build configuration list for PBXProject "ZAMoMoSDKTest" */;
			compatibilityVersion = "Xcode 9.3";
			developmentRegion = en;
			hasScannedForEncodings = 0;
			knownRegions = (
				en,
				Base,
			);
			mainGroup = BE3502C22657A99700F3B190;
			productRefGroup = BE3502CC2657A99700F3B190 /* Products */;
			projectDirPath = "";
			projectRoot = "";
			targets = (
				BE3502CA2657A99700F3B190 /* ZAMoMoSDKTest */,
			);
		};
/* End PBXProject section */

/* Begin PBXResourcesBuildPhase section */
		BE3502C92657A99700F3B190 /* Resources */ = {
			isa = PBXResourcesBuildPhase;
			buildActionMask = 2147483647;
			files = (
				BE3502DE2657A99800F3B190 /* LaunchScreen.storyboard in Resources */,
				BE3502DB2657A99800F3B190 /* Assets.xcassets in Resources */,
				BE3502D92657A99700F3B190 /* Main.storyboard in Resources */,
			);
			runOnlyForDeploymentPostprocessing = 0;
		};
/* End PBXResourcesBuildPhase section */

/* Begin PBXSourcesBuildPhase section */
		BE3502C72657A99700F3B190 /* Sources */ = {
			isa = PBXSourcesBuildPhase;
			buildActionMask = 2147483647;
			files = (
				BE3502D62657A99700F3B190 /* ViewController.m in Sources */,
				BE3502D02657A99700F3B190 /* AppDelegate.m in Sources */,
				BE3502E12657A99800F3B190 /* main.m in Sources */,
				BE3502D32657A99700F3B190 /* SceneDelegate.m in Sources */,
			);
			runOnlyForDeploymentPostprocessing = 0;
		};
/* End PBXSourcesBuildPhase section */

/* Begin PBXVariantGroup section */
		BE3502D72657A99700F3B190 /* Main.storyboard */ = {
			isa = PBXVariantGroup;
			children = (
				BE3502D82657A99700F3B190 /* Base */,
			);
			name = Main.storyboard;
			sourceTree = "<group>";
		};
		BE3502DC2657A99800F3B190 /* LaunchScreen.storyboard */ = {
			isa = PBXVariantGroup;
			children = (
				BE3502DD2657A99800F3B190 /* Base */,
			);
			name = LaunchScreen.storyboard;
			sourceTree = "<group>";
		};
/* End PBXVariantGroup section */

/* Begin XCBuildConfiguration section */
		BE3502E22657A99800F3B190 /* Debug */ = {
			isa = XCBuildConfiguration;
			buildSettings = {
				ALWAYS_SEARCH_USER_PATHS = NO;
				CLANG_ANALYZER_NONNULL = YES;
				CLANG_ANALYZER_NUMBER_OBJECT_CONVERSION = YES_AGGRESSIVE;
				CLANG_CXX_LANGUAGE_STANDARD = "gnu++14";
				CLANG_CXX_LIBRARY = "libc++";
				CLANG_ENABLE_MODULES = YES;
				CLANG_ENABLE_OBJC_ARC = YES;
				CLANG_ENABLE_OBJC_WEAK = YES;
				CLANG_WARN_BLOCK_CAPTURE_AUTORELEASING = YES;
				CLANG_WARN_BOOL_CONVERSION = YES;
				CLANG_WARN_COMMA = YES;
				CLANG_WARN_CONSTANT_CONVERSION = YES;
				CLANG_WARN_DEPRECATED_OBJC_IMPLEMENTATIONS = YES;
				CLANG_WARN_DIRECT_OBJC_ISA_USAGE = YES_ERROR;
				CLANG_WARN_DOCUMENTATION_COMMENTS = YES;
				CLANG_WARN_EMPTY_BODY = YES;
				CLANG_WARN_ENUM_CONVERSION = YES;
				CLANG_WARN_INFINITE_RECURSION = YES;
				CLANG_WARN_INT_CONVERSION = YES;
				CLANG_WARN_NON_LITERAL_NULL_CONVERSION = YES;
				CLANG_WARN_OBJC_IMPLICIT_RETAIN_SELF = YES;
				CLANG_WARN_OBJC_LITERAL_CONVERSION = YES;
				CLANG_WARN_OBJC_ROOT_CLASS = YES_ERROR;
				CLANG_WARN_QUOTED_INCLUDE_IN_FRAMEWORK_HEADER = YES;
				CLANG_WARN_RANGE_LOOP_ANALYSIS = YES;
				CLANG_WARN_STRICT_PROTOTYPES = YES;
				CLANG_WARN_SUSPICIOUS_MOVE = YES;
				CLANG_WARN_UNGUARDED_AVAILABILITY = YES_AGGRESSIVE;
				CLANG_WARN_UNREACHABLE_CODE = YES;
				CLANG_WARN__DUPLICATE_METHOD_MATCH = YES;
				COPY_PHASE_STRIP = NO;
				DEBUG_INFORMATION_FORMAT = dwarf;
				ENABLE_STRICT_OBJC_MSGSEND = YES;
				ENABLE_TESTABILITY = YES;
				GCC_C_LANGUAGE_STANDARD = gnu11;
				GCC_DYNAMIC_NO_PIC = NO;
				GCC_NO_COMMON_BLOCKS = YES;
				GCC_OPTIMIZATION_LEVEL = 0;
				GCC_PREPROCESSOR_DEFINITIONS = (
					"DEBUG=1",
					"$(inherited)",
				);
				GCC_WARN_64_TO_32_BIT_CONVERSION = YES;
				GCC_WARN_ABOUT_RETURN_TYPE = YES_ERROR;
				GCC_WARN_UNDECLARED_SELECTOR = YES;
				GCC_WARN_UNINITIALIZED_AUTOS = YES_AGGRESSIVE;
				GCC_WARN_UNUSED_FUNCTION = YES;
				GCC_WARN_UNUSED_VARIABLE = YES;
				IPHONEOS_DEPLOYMENT_TARGET = 14.0;
				MTL_ENABLE_DEBUG_INFO = INCLUDE_SOURCE;
				MTL_FAST_MATH = YES;
				ONLY_ACTIVE_ARCH = YES;
				SDKROOT = iphoneos;
			};
			name = Debug;
		};
		BE3502E32657A99800F3B190 /* Release */ = {
			isa = XCBuildConfiguration;
			buildSettings = {
				ALWAYS_SEARCH_USER_PATHS = NO;
				CLANG_ANALYZER_NONNULL = YES;
				CLANG_ANALYZER_NUMBER_OBJECT_CONVERSION = YES_AGGRESSIVE;
				CLANG_CXX_LANGUAGE_STANDARD = "gnu++14";
				CLANG_CXX_LIBRARY = "libc++";
				CLANG_ENABLE_MODULES = YES;
				CLANG_ENABLE_OBJC_ARC = YES;
				CLANG_ENABLE_OBJC_WEAK = YES;
				CLANG_WARN_BLOCK_CAPTURE_AUTORELEASING = YES;
				CLANG_WARN_BOOL_CONVERSION = YES;
				CLANG_WARN_COMMA = YES;
				CLANG_WARN_CONSTANT_CONVERSION = YES;
				CLANG_WARN_DEPRECATED_OBJC_IMPLEMENTATIONS = YES;
				CLANG_WARN_DIRECT_OBJC_ISA_USAGE = YES_ERROR;
				CLANG_WARN_DOCUMENTATION_COMMENTS = YES;
				CLANG_WARN_EMPTY_BODY = YES;
				CLANG_WARN_ENUM_CONVERSION = YES;
				CLANG_WARN_INFINITE_RECURSION = YES;
				CLANG_WARN_INT_CONVERSION = YES;
				CLANG_WARN_NON_LITERAL_NULL_CONVERSION = YES;
				CLANG_WARN_OBJC_IMPLICIT_RETAIN_SELF = YES;
				CLANG_WARN_OBJC_LITERAL_CONVERSION = YES;
				CLANG_WARN_OBJC_ROOT_CLASS = YES_ERROR;
				CLANG_WARN_QUOTED_INCLUDE_IN_FRAMEWORK_HEADER = YES;
				CLANG_WARN_RANGE_LOOP_ANALYSIS = YES;
				CLANG_WARN_STRICT_PROTOTYPES = YES;
				CLANG_WARN_SUSPICIOUS_MOVE = YES;
				CLANG_WARN_UNGUARDED_AVAILABILITY = YES_AGGRESSIVE;
				CLANG_WARN_UNREACHABLE_CODE = YES;
				CLANG_WARN__DUPLICATE_METHOD_MATCH = YES;
				COPY_PHASE_STRIP = NO;
				DEBUG_INFORMATION_FORMAT = "dwarf-with-dsym";
				ENABLE_NS_ASSERTIONS = NO;
				ENABLE_STRICT_OBJC_MSGSEND = YES;
				GCC_C_LANGUAGE_STANDARD = gnu11;
				GCC_NO_COMMON_BLOCKS = YES;
				GCC_WARN_64_TO_32_BIT_CONVERSION = YES;
				GCC_WARN_ABOUT_RETURN_TYPE = YES_ERROR;
				GCC_WARN_UNDECLARED_SELECTOR = YES;
				GCC_WARN_UNINITIALIZED_AUTOS = YES_AGGRESSIVE;
				GCC_WARN_UNUSED_FUNCTION = YES;
				GCC_WARN_UNUSED_VARIABLE = YES;
				IPHONEOS_DEPLOYMENT_TARGET = 14.0;
				MTL_ENABLE_DEBUG_INFO = NO;
				MTL_FAST_MATH = YES;
				SDKROOT = iphoneos;
				VALIDATE_PRODUCT = YES;
			};
			name = Release;
		};
		BE3502E52657A99800F3B190 /* Debug */ = {
			isa = XCBuildConfiguration;
			buildSettings = {
				ASSETCATALOG_COMPILER_APPICON_NAME = AppIcon;
				ASSETCATALOG_COMPILER_GLOBAL_ACCENT_COLOR_NAME = AccentColor;
				CODE_SIGN_STYLE = Automatic;
				DEVELOPMENT_TEAM = NFTSVF7Q5S;
				INFOPLIST_FILE = ZAMoMoSDKTest/Info.plist;
				LD_RUNPATH_SEARCH_PATHS = (
					"$(inherited)",
					"@executable_path/Frameworks",
				);
				PRODUCT_BUNDLE_IDENTIFIER = com.linghao.ZAMoMoSDKTest;
				PRODUCT_NAME = "$(TARGET_NAME)";
				TARGETED_DEVICE_FAMILY = "1,2";
			};
			name = Debug;
		};
		BE3502E62657A99800F3B190 /* Release */ = {
			isa = XCBuildConfiguration;
			buildSettings = {
				ASSETCATALOG_COMPILER_APPICON_NAME = AppIcon;
				ASSETCATALOG_COMPILER_GLOBAL_ACCENT_COLOR_NAME = AccentColor;
				CODE_SIGN_STYLE = Automatic;
				DEVELOPMENT_TEAM = NFTSVF7Q5S;
				INFOPLIST_FILE = ZAMoMoSDKTest/Info.plist;
				LD_RUNPATH_SEARCH_PATHS = (
					"$(inherited)",
					"@executable_path/Frameworks",
				);
				PRODUCT_BUNDLE_IDENTIFIER = com.linghao.ZAMoMoSDKTest;
				PRODUCT_NAME = "$(TARGET_NAME)";
				TARGETED_DEVICE_FAMILY = "1,2";
			};
			name = Release;
		};
/* End XCBuildConfiguration section */

/* Begin XCConfigurationList section */
		BE3502C62657A99700F3B190 /* Build configuration list for PBXProject "ZAMoMoSDKTest" */ = {
			isa = XCConfigurationList;
			buildConfigurations = (
				BE3502E22657A99800F3B190 /* Debug */,
				BE3502E32657A99800F3B190 /* Release */,
			);
			defaultConfigurationIsVisible = 0;
			defaultConfigurationName = Release;
		};
		BE3502E42657A99800F3B190 /* Build configuration list for PBXNativeTarget "ZAMoMoSDKTest" */ = {
			isa = XCConfigurationList;
			buildConfigurations = (
				BE3502E52657A99800F3B190 /* Debug */,
				BE3502E62657A99800F3B190 /* Release */,
			);
			defaultConfigurationIsVisible = 0;
			defaultConfigurationName = Release;
		};
/* End XCConfigurationList section */
	};
	rootObject = BE3502C32657A99700F3B190 /* Project object */;
}
